
Microsoft Visual Studio Solution File, Format Version 12.00
# Visual Studio Version 17
VisualStudioVersion = 17.8.34525.116
MinimumVisualStudioVersion = 10.0.40219.1
Project("{FAE04EC0-301F-11D3-BF4B-00C04F79EFBC}") = "MediaPlayer", "MediaPlayer\MediaPlayer.csproj", "{8CFB599C-8CBE-42EE-A62E-CBDE6995B35C}"
EndProject
Global
	GlobalSection(SolutionConfigurationPlatforms) = preSolution
		Debug|Any CPU = Debug|Any CPU
		Release|Any CPU = Release|Any CPU
	EndGlobalSection
	GlobalSection(ProjectConfigurationPlatforms) = postSolution
		{8CFB599C-8CBE-42EE-A62E-CBDE6995B35C}.Debug|Any CPU.ActiveCfg = Debug|Any CPU
		{8CFB599C-8CBE-42EE-A62E-CBDE6995B35C}.Debug|Any CPU.Build.0 = Debug|Any CPU
		{8CFB599C-8CBE-42EE-A62E-CBDE6995B35C}.Release|Any CPU.ActiveCfg = Release|Any CPU
		{8CFB599C-8CBE-42EE-A62E-CBDE6995B35C}.Release|Any CPU.Build.0 = Release|Any CPU
	EndGlobalSection
	GlobalSection(SolutionProperties) = preSolution
		HideSolutionNode = FALSE
	EndGlobalSection
	GlobalSection(ExtensibilityGlobals) = postSolution
		SolutionGuid = {327C76F2-6195-41AB-A5C8-99800C91F76F}
	EndGlobalSection
EndGlobal
